
Microsoft Visual Studio Solution File, Format Version 12.00
# Visual Studio Version 17
VisualStudioVersion = 17.5.33627.172
MinimumVisualStudioVersion = 10.0.40219.1
Project("{2150E333-8FDC-42A3-9474-1A3956D46DE8}") = "Facil", "Facil", "{AE3844FA-5E3A-44AB-B6D8-C595CA97C98E}"
EndProject
Project("{8BC9CEB8-8B4A-11D0-8D11-00A0C91BC942}") = "Two_Sum", "Two_Sum\Two_Sum.vcxproj", "{B72B61CE-A104-41BD-ADA3-57DF732618D5}"
EndProject
Project("{8BC9CEB8-8B4A-11D0-8D11-00A0C91BC942}") = "Palindromo_inteiro", "Palindromo_inteiro\Palindromo_inteiro.vcxproj", "{05B4E95E-EAAB-4637-B33A-26A005F2EDA4}"
EndProject
Global
	GlobalSection(SolutionConfigurationPlatforms) = preSolution
		Debug|x64 = Debug|x64
		Debug|x86 = Debug|x86
		Release|x64 = Release|x64
		Release|x86 = Release|x86
	EndGlobalSection
	GlobalSection(ProjectConfigurationPlatforms) = postSolution
		{B72B61CE-A104-41BD-ADA3-57DF732618D5}.Debug|x64.ActiveCfg = Debug|x64
		{B72B61CE-A104-41BD-ADA3-57DF732618D5}.Debug|x64.Build.0 = Debug|x64
		{B72B61CE-A104-41BD-ADA3-57DF732618D5}.Debug|x86.ActiveCfg = Debug|Win32
		{B72B61CE-A104-41BD-ADA3-57DF732618D5}.Debug|x86.Build.0 = Debug|Win32
		{B72B61CE-A104-41BD-ADA3-57DF732618D5}.Release|x64.ActiveCfg = Release|x64
		{B72B61CE-A104-41BD-ADA3-57DF732618D5}.Release|x64.Build.0 = Release|x64
		{B72B61CE-A104-41BD-ADA3-57DF732618D5}.Release|x86.ActiveCfg = Release|Win32
		{B72B61CE-A104-41BD-ADA3-57DF732618D5}.Release|x86.Build.0 = Release|Win32
		{05B4E95E-EAAB-4637-B33A-26A005F2EDA4}.Debug|x64.ActiveCfg = Debug|x64
		{05B4E95E-EAAB-4637-B33A-26A005F2EDA4}.Debug|x64.Build.0 = Debug|x64
		{05B4E95E-EAAB-4637-B33A-26A005F2EDA4}.Debug|x86.ActiveCfg = Debug|Win32
		{05B4E95E-EAAB-4637-B33A-26A005F2EDA4}.Debug|x86.Build.0 = Debug|Win32
		{05B4E95E-EAAB-4637-B33A-26A005F2EDA4}.Release|x64.ActiveCfg = Release|x64
		{05B4E95E-EAAB-4637-B33A-26A005F2EDA4}.Release|x64.Build.0 = Release|x64
		{05B4E95E-EAAB-4637-B33A-26A005F2EDA4}.Release|x86.ActiveCfg = Release|Win32
		{05B4E95E-EAAB-4637-B33A-26A005F2EDA4}.Release|x86.Build.0 = Release|Win32
	EndGlobalSection
	GlobalSection(SolutionProperties) = preSolution
		HideSolutionNode = FALSE
	EndGlobalSection
	GlobalSection(NestedProjects) = preSolution
		{B72B61CE-A104-41BD-ADA3-57DF732618D5} = {AE3844FA-5E3A-44AB-B6D8-C595CA97C98E}
		{05B4E95E-EAAB-4637-B33A-26A005F2EDA4} = {AE3844FA-5E3A-44AB-B6D8-C595CA97C98E}
	EndGlobalSection
	GlobalSection(ExtensibilityGlobals) = postSolution
		SolutionGuid = {C9658890-D046-4509-A302-CF12F5EE8496}
	EndGlobalSection
EndGlobal
